
Microsoft Visual Studio Solution File, Format Version 12.00
# Visual Studio Version 16
VisualStudioVersion = 16.0.30717.126
MinimumVisualStudioVersion = 10.0.40219.1
Project("{FAE04EC0-301F-11D3-BF4B-00C04F79EFBC}") = "DemoCRUD", "DemoCRUD.csproj", "{F83701F5-E347-46AC-AC9E-1D1AFBA1C9BD}"
EndProject
Global
	GlobalSection(SolutionConfigurationPlatforms) = preSolution
		Debug|Any CPU = Debug|Any CPU
		Release|Any CPU = Release|Any CPU
	EndGlobalSection
	GlobalSection(ProjectConfigurationPlatforms) = postSolution
		{F83701F5-E347-46AC-AC9E-1D1AFBA1C9BD}.Debug|Any CPU.ActiveCfg = Debug|Any CPU
		{F83701F5-E347-46AC-AC9E-1D1AFBA1C9BD}.Debug|Any CPU.Build.0 = Debug|Any CPU
		{F83701F5-E347-46AC-AC9E-1D1AFBA1C9BD}.Release|Any CPU.ActiveCfg = Release|Any CPU
		{F83701F5-E347-46AC-AC9E-1D1AFBA1C9BD}.Release|Any CPU.Build.0 = Release|Any CPU
	EndGlobalSection
	GlobalSection(SolutionProperties) = preSolution
		HideSolutionNode = FALSE
	EndGlobalSection
	GlobalSection(ExtensibilityGlobals) = postSolution
		SolutionGuid = {33D1BC36-3175-4E0F-A0C1-67E2D3F45AD8}
	EndGlobalSection
EndGlobal
